
Microsoft Visual Studio Solution File, Format Version 12.00
# Visual Studio Version 17
VisualStudioVersion = 17.3.32811.315
MinimumVisualStudioVersion = 10.0.40219.1
Project("{FAE04EC0-301F-11D3-BF4B-00C04F79EFBC}") = "ConsoleApp2", "ConsoleApp2\ConsoleApp2.csproj", "{171E39AD-0E90-493F-B6E5-7C2BD9C66482}"
EndProject
Global
	GlobalSection(SolutionConfigurationPlatforms) = preSolution
		Debug|Any CPU = Debug|Any CPU
		Release|Any CPU = Release|Any CPU
	EndGlobalSection
	GlobalSection(ProjectConfigurationPlatforms) = postSolution
		{171E39AD-0E90-493F-B6E5-7C2BD9C66482}.Debug|Any CPU.ActiveCfg = Debug|Any CPU
		{171E39AD-0E90-493F-B6E5-7C2BD9C66482}.Debug|Any CPU.Build.0 = Debug|Any CPU
		{171E39AD-0E90-493F-B6E5-7C2BD9C66482}.Release|Any CPU.ActiveCfg = Release|Any CPU
		{171E39AD-0E90-493F-B6E5-7C2BD9C66482}.Release|Any CPU.Build.0 = Release|Any CPU
	EndGlobalSection
	GlobalSection(SolutionProperties) = preSolution
		HideSolutionNode = FALSE
	EndGlobalSection
	GlobalSection(ExtensibilityGlobals) = postSolution
		SolutionGuid = {A3672937-03DD-4BBD-AC21-E81BB5A2E688}
	EndGlobalSection
EndGlobal
